
Microsoft Visual Studio Solution File, Format Version 12.00
# Visual Studio Version 17
VisualStudioVersion = 17.11.35118.90
MinimumVisualStudioVersion = 10.0.40219.1
Project("{FAE04EC0-301F-11D3-BF4B-00C04F79EFBC}") = "WhatsappNet.Api", "WhatsappNet.Api\WhatsappNet.Api.csproj", "{C8F74C23-7E34-46C3-AF6A-31EC5170F027}"
EndProject
Global
	GlobalSection(SolutionConfigurationPlatforms) = preSolution
		Debug|Any CPU = Debug|Any CPU
		Release|Any CPU = Release|Any CPU
	EndGlobalSection
	GlobalSection(ProjectConfigurationPlatforms) = postSolution
		{C8F74C23-7E34-46C3-AF6A-31EC5170F027}.Debug|Any CPU.ActiveCfg = Debug|Any CPU
		{C8F74C23-7E34-46C3-AF6A-31EC5170F027}.Debug|Any CPU.Build.0 = Debug|Any CPU
		{C8F74C23-7E34-46C3-AF6A-31EC5170F027}.Release|Any CPU.ActiveCfg = Release|Any CPU
		{C8F74C23-7E34-46C3-AF6A-31EC5170F027}.Release|Any CPU.Build.0 = Release|Any CPU
	EndGlobalSection
	GlobalSection(SolutionProperties) = preSolution
		HideSolutionNode = FALSE
	EndGlobalSection
	GlobalSection(ExtensibilityGlobals) = postSolution
		SolutionGuid = {4B893C76-0892-4983-8615-494D9455D62A}
	EndGlobalSection
EndGlobal
